
Microsoft Visual Studio Solution File, Format Version 12.00
# Visual Studio 2012
Project("{FAE04EC0-301F-11D3-BF4B-00C04F79EFBC}") = "CurrencyRatesApi", "CurrencyRatesApi\CurrencyRatesApi.csproj", "{856D61DE-12B9-4048-8647-E4A34783FC8F}"
EndProject
Project("{FAE04EC0-301F-11D3-BF4B-00C04F79EFBC}") = "CurrencyRatesApi.Tests", "CurrencyRatesApi.Tests\CurrencyRatesApi.Tests.csproj", "{367EF2EB-253D-4789-AF4C-D2292B427B9C}"
EndProject
Project("{2150E333-8FDC-42A3-9474-1A3956D46DE8}") = ".nuget", ".nuget", "{B0F2E3B1-3019-40D5-B40F-C228B48FF2A0}"
	ProjectSection(SolutionItems) = preProject
		.nuget\NuGet.Config = .nuget\NuGet.Config
		.nuget\NuGet.exe = .nuget\NuGet.exe
		.nuget\NuGet.targets = .nuget\NuGet.targets
	EndProjectSection
EndProject
Global
	GlobalSection(SolutionConfigurationPlatforms) = preSolution
		Debug|Any CPU = Debug|Any CPU
		Release|Any CPU = Release|Any CPU
	EndGlobalSection
	GlobalSection(ProjectConfigurationPlatforms) = postSolution
		{856D61DE-12B9-4048-8647-E4A34783FC8F}.Debug|Any CPU.ActiveCfg = Debug|Any CPU
		{856D61DE-12B9-4048-8647-E4A34783FC8F}.Debug|Any CPU.Build.0 = Debug|Any CPU
		{856D61DE-12B9-4048-8647-E4A34783FC8F}.Release|Any CPU.ActiveCfg = Release|Any CPU
		{856D61DE-12B9-4048-8647-E4A34783FC8F}.Release|Any CPU.Build.0 = Release|Any CPU
		{367EF2EB-253D-4789-AF4C-D2292B427B9C}.Debug|Any CPU.ActiveCfg = Debug|Any CPU
		{367EF2EB-253D-4789-AF4C-D2292B427B9C}.Debug|Any CPU.Build.0 = Debug|Any CPU
		{367EF2EB-253D-4789-AF4C-D2292B427B9C}.Release|Any CPU.ActiveCfg = Release|Any CPU
		{367EF2EB-253D-4789-AF4C-D2292B427B9C}.Release|Any CPU.Build.0 = Release|Any CPU
	EndGlobalSection
	GlobalSection(SolutionProperties) = preSolution
		HideSolutionNode = FALSE
	EndGlobalSection
	GlobalSection(ExtensibilityGlobals) = postSolution
		EnterpriseLibraryConfigurationToolBinariesPath = packages\Unity.2.1.505.2\lib\NET35
	EndGlobalSection
EndGlobal
